// !$*UTF8*$!
{
	archiveVersion = 1;
	classes = {
	};
	objectVersion = 46;
	objects = {

/* Begin PBXBuildFile section */
		AC060E241CD05FB90080985D /* Meal.swift in Sources */ = {isa = PBXBuildFile; fileRef = AC060E221CD05FB90080985D /* Meal.swift */; };
		AC060E291CD062100080985D /* MealTableViewController.swift in Sources */ = {isa = PBXBuildFile; fileRef = AC060E281CD062100080985D /* MealTableViewController.swift */; };
		ACB48B371CD556F600E74941 /* Main.storyboard in Resources */ = {isa = PBXBuildFile; fileRef = ACB48B361CD556F600E74941 /* Main.storyboard */; };
		ACB48B391CD6595F00E74941 /* CartTableViewCell.swift in Sources */ = {isa = PBXBuildFile; fileRef = ACB48B381CD6595F00E74941 /* CartTableViewCell.swift */; };
		B709D77F1CD36D9B007BF6A0 /* MealTableViewCell.swift in Sources */ = {isa = PBXBuildFile; fileRef = B709D77E1CD36D9B007BF6A0 /* MealTableViewCell.swift */; };
		B709D7861CD37D73007BF6A0 /* AccountViewController.swift in Sources */ = {isa = PBXBuildFile; fileRef = B709D7851CD37D73007BF6A0 /* AccountViewController.swift */; };
		B709D78D1CD41D58007BF6A0 /* CartTableViewController.swift in Sources */ = {isa = PBXBuildFile; fileRef = B709D78C1CD41D58007BF6A0 /* CartTableViewController.swift */; };
		B725F8E91CC9CA650024ED7E /* AppDelegate.swift in Sources */ = {isa = PBXBuildFile; fileRef = B725F8E81CC9CA650024ED7E /* AppDelegate.swift */; };
		B725F8F01CC9CA650024ED7E /* Assets.xcassets in Resources */ = {isa = PBXBuildFile; fileRef = B725F8EF1CC9CA650024ED7E /* Assets.xcassets */; };
		B725F8F31CC9CA650024ED7E /* LaunchScreen.storyboard in Resources */ = {isa = PBXBuildFile; fileRef = B725F8F11CC9CA650024ED7E /* LaunchScreen.storyboard */; };
		B725F8FB1CCC3E800024ED7E /* RegisterPageViewController.swift in Sources */ = {isa = PBXBuildFile; fileRef = B725F8FA1CCC3E800024ED7E /* RegisterPageViewController.swift */; };
		B725F8FD1CCD91930024ED7E /* LoginViewController.swift in Sources */ = {isa = PBXBuildFile; fileRef = B725F8FC1CCD91930024ED7E /* LoginViewController.swift */; };
		B79963C91CD1BCE5001144A3 /* ResetPasswordViewController.swift in Sources */ = {isa = PBXBuildFile; fileRef = B79963C81CD1BCE5001144A3 /* ResetPasswordViewController.swift */; };
		B79963D11CD1BFD5001144A3 /* Utils.swift in Sources */ = {isa = PBXBuildFile; fileRef = B79963D01CD1BFD5001144A3 /* Utils.swift */; };
/* End PBXBuildFile section */

/* Begin PBXFileReference section */
		AC060E221CD05FB90080985D /* Meal.swift */ = {isa = PBXFileReference; fileEncoding = 4; lastKnownFileType = sourcecode.swift; name = Meal.swift; path = Model/Meal.swift; sourceTree = "<group>"; };
		AC060E281CD062100080985D /* MealTableViewController.swift */ = {isa = PBXFileReference; fileEncoding = 4; lastKnownFileType = sourcecode.swift; path = MealTableViewController.swift; sourceTree = "<group>"; };
		ACB48B361CD556F600E74941 /* Main.storyboard */ = {isa = PBXFileReference; fileEncoding = 4; lastKnownFileType = file.storyboard; path = Main.storyboard; sourceTree = "<group>"; };
		ACB48B381CD6595F00E74941 /* CartTableViewCell.swift */ = {isa = PBXFileReference; fileEncoding = 4; lastKnownFileType = sourcecode.swift; path = CartTableViewCell.swift; sourceTree = "<group>"; };
		B709D77E1CD36D9B007BF6A0 /* MealTableViewCell.swift */ = {isa = PBXFileReference; fileEncoding = 4; lastKnownFileType = sourcecode.swift; name = MealTableViewCell.swift; path = ../MealTableViewCell.swift; sourceTree = "<group>"; };
		B709D7851CD37D73007BF6A0 /* AccountViewController.swift */ = {isa = PBXFileReference; fileEncoding = 4; lastKnownFileType = sourcecode.swift; path = AccountViewController.swift; sourceTree = "<group>"; };
		B709D78C1CD41D58007BF6A0 /* CartTableViewController.swift */ = {isa = PBXFileReference; fileEncoding = 4; lastKnownFileType = sourcecode.swift; path = CartTableViewController.swift; sourceTree = "<group>"; };
		B725F8E51CC9CA650024ED7E /* UserLoginAndRegistration.app */ = {isa = PBXFileReference; explicitFileType = wrapper.application; includeInIndex = 0; path = UserLoginAndRegistration.app; sourceTree = BUILT_PRODUCTS_DIR; };
		B725F8E81CC9CA650024ED7E /* AppDelegate.swift */ = {isa = PBXFileReference; lastKnownFileType = sourcecode.swift; path = AppDelegate.swift; sourceTree = "<group>"; };
		B725F8EF1CC9CA650024ED7E /* Assets.xcassets */ = {isa = PBXFileReference; lastKnownFileType = folder.assetcatalog; path = Assets.xcassets; sourceTree = "<group>"; };
		B725F8F21CC9CA650024ED7E /* Base */ = {isa = PBXFileReference; lastKnownFileType = file.storyboard; name = Base; path = Base.lproj/LaunchScreen.storyboard; sourceTree = "<group>"; };
		B725F8F41CC9CA650024ED7E /* Info.plist */ = {isa = PBXFileReference; lastKnownFileType = text.plist.xml; path = Info.plist; sourceTree = "<group>"; };
		B725F8FA1CCC3E800024ED7E /* RegisterPageViewController.swift */ = {isa = PBXFileReference; fileEncoding = 4; lastKnownFileType = sourcecode.swift; path = RegisterPageViewController.swift; sourceTree = "<group>"; };
		B725F8FC1CCD91930024ED7E /* LoginViewController.swift */ = {isa = PBXFileReference; fileEncoding = 4; lastKnownFileType = sourcecode.swift; path = LoginViewController.swift; sourceTree = "<group>"; };
		B79963C81CD1BCE5001144A3 /* ResetPasswordViewController.swift */ = {isa = PBXFileReference; fileEncoding = 4; lastKnownFileType = sourcecode.swift; path = ResetPasswordViewController.swift; sourceTree = "<group>"; };
		B79963D01CD1BFD5001144A3 /* Utils.swift */ = {isa = PBXFileReference; fileEncoding = 4; lastKnownFileType = sourcecode.swift; name = Utils.swift; path = ../Utils.swift; sourceTree = "<group>"; };
/* End PBXFileReference section */

/* Begin PBXFrameworksBuildPhase section */
		B725F8E21CC9CA640024ED7E /* Frameworks */ = {
			isa = PBXFrameworksBuildPhase;
			buildActionMask = 2147483647;
			files = (
			);
			runOnlyForDeploymentPostprocessing = 0;
		};
/* End PBXFrameworksBuildPhase section */

/* Begin PBXGroup section */
		B709D7831CD37A5F007BF6A0 /* Account */ = {
			isa = PBXGroup;
			children = (
				B725F8FC1CCD91930024ED7E /* LoginViewController.swift */,
				B79963C81CD1BCE5001144A3 /* ResetPasswordViewController.swift */,
				B725F8FA1CCC3E800024ED7E /* RegisterPageViewController.swift */,
				B709D7851CD37D73007BF6A0 /* AccountViewController.swift */,
			);
			name = Account;
			sourceTree = "<group>";
		};
		B709D7841CD37AA5007BF6A0 /* Menu */ = {
			isa = PBXGroup;
			children = (
				AC060E281CD062100080985D /* MealTableViewController.swift */,
			);
			name = Menu;
			sourceTree = "<group>";
		};
		B709D7891CD3812B007BF6A0 /* Cart */ = {
			isa = PBXGroup;
			children = (
				B709D78C1CD41D58007BF6A0 /* CartTableViewController.swift */,
			);
			name = Cart;
			sourceTree = "<group>";
		};
		B709D78A1CD41AF0007BF6A0 /* Model */ = {
			isa = PBXGroup;
			children = (
				AC060E221CD05FB90080985D /* Meal.swift */,
				B709D77E1CD36D9B007BF6A0 /* MealTableViewCell.swift */,
				ACB48B381CD6595F00E74941 /* CartTableViewCell.swift */,
			);
			name = Model;
			sourceTree = "<group>";
		};
		B725F8DC1CC9CA640024ED7E = {
			isa = PBXGroup;
			children = (
				B725F8E71CC9CA650024ED7E /* UserLoginAndRegistration */,
				B725F8E61CC9CA650024ED7E /* Products */,
			);
			sourceTree = "<group>";
		};
		B725F8E61CC9CA650024ED7E /* Products */ = {
			isa = PBXGroup;
			children = (
				B725F8E51CC9CA650024ED7E /* UserLoginAndRegistration.app */,
			);
			name = Products;
			sourceTree = "<group>";
		};
		B725F8E71CC9CA650024ED7E /* UserLoginAndRegistration */ = {
			isa = PBXGroup;
			children = (
				ACB48B361CD556F600E74941 /* Main.storyboard */,
				B725F8E81CC9CA650024ED7E /* AppDelegate.swift */,
				B79963D01CD1BFD5001144A3 /* Utils.swift */,
				B709D78A1CD41AF0007BF6A0 /* Model */,
				B709D7841CD37AA5007BF6A0 /* Menu */,
				B709D7831CD37A5F007BF6A0 /* Account */,
				B709D7891CD3812B007BF6A0 /* Cart */,
				B725F8EF1CC9CA650024ED7E /* Assets.xcassets */,
				B725F8F11CC9CA650024ED7E /* LaunchScreen.storyboard */,
				B725F8F41CC9CA650024ED7E /* Info.plist */,
			);
			path = UserLoginAndRegistration;
			sourceTree = "<group>";
		};
/* End PBXGroup section */

/* Begin PBXNativeTarget section */
		B725F8E41CC9CA640024ED7E /* UserLoginAndRegistration */ = {
			isa = PBXNativeTarget;
			buildConfigurationList = B725F8F71CC9CA650024ED7E /* Build configuration list for PBXNativeTarget "UserLoginAndRegistration" */;
			buildPhases = (
				B725F8E11CC9CA640024ED7E /* Sources */,
				B725F8E21CC9CA640024ED7E /* Frameworks */,
				B725F8E31CC9CA640024ED7E /* Resources */,
			);
			buildRules = (
			);
			dependencies = (
			);
			name = UserLoginAndRegistration;
			productName = UserLoginAndRegistration;
			productReference = B725F8E51CC9CA650024ED7E /* UserLoginAndRegistration.app */;
			productType = "com.apple.product-type.application";
		};
/* End PBXNativeTarget section */

/* Begin PBXProject section */
		B725F8DD1CC9CA640024ED7E /* Project object */ = {
			isa = PBXProject;
			attributes = {
				LastSwiftUpdateCheck = 0720;
				LastUpgradeCheck = 0720;
				ORGANIZATIONNAME = food;
				TargetAttributes = {
					B725F8E41CC9CA640024ED7E = {
						CreatedOnToolsVersion = 7.2.1;
						DevelopmentTeam = J8B5R2MWY9;
					};
				};
			};
			buildConfigurationList = B725F8E01CC9CA640024ED7E /* Build configuration list for PBXProject "UserLoginAndRegistration" */;
			compatibilityVersion = "Xcode 3.2";
			developmentRegion = English;
			hasScannedForEncodings = 0;
			knownRegions = (
				en,
				Base,
			);
			mainGroup = B725F8DC1CC9CA640024ED7E;
			productRefGroup = B725F8E61CC9CA650024ED7E /* Products */;
			projectDirPath = "";
			projectRoot = "";
			targets = (
				B725F8E41CC9CA640024ED7E /* UserLoginAndRegistration */,
			);
		};
/* End PBXProject section */

/* Begin PBXResourcesBuildPhase section */
		B725F8E31CC9CA640024ED7E /* Resources */ = {
			isa = PBXResourcesBuildPhase;
			buildActionMask = 2147483647;
			files = (
				B725F8F31CC9CA650024ED7E /* LaunchScreen.storyboard in Resources */,
				B725F8F01CC9CA650024ED7E /* Assets.xcassets in Resources */,
				ACB48B371CD556F600E74941 /* Main.storyboard in Resources */,
			);
			runOnlyForDeploymentPostprocessing = 0;
		};
/* End PBXResourcesBuildPhase section */

/* Begin PBXSourcesBuildPhase section */
		B725F8E11CC9CA640024ED7E /* Sources */ = {
			isa = PBXSourcesBuildPhase;
			buildActionMask = 2147483647;
			files = (
				B79963C91CD1BCE5001144A3 /* ResetPasswordViewController.swift in Sources */,
				B725F8FD1CCD91930024ED7E /* LoginViewController.swift in Sources */,
				B725F8E91CC9CA650024ED7E /* AppDelegate.swift in Sources */,
				B709D78D1CD41D58007BF6A0 /* CartTableViewController.swift in Sources */,
				B725F8FB1CCC3E800024ED7E /* RegisterPageViewController.swift in Sources */,
				ACB48B391CD6595F00E74941 /* CartTableViewCell.swift in Sources */,
				B709D77F1CD36D9B007BF6A0 /* MealTableViewCell.swift in Sources */,
				B79963D11CD1BFD5001144A3 /* Utils.swift in Sources */,
				AC060E241CD05FB90080985D /* Meal.swift in Sources */,
				AC060E291CD062100080985D /* MealTableViewController.swift in Sources */,
				B709D7861CD37D73007BF6A0 /* AccountViewController.swift in Sources */,
			);
			runOnlyForDeploymentPostprocessing = 0;
		};
/* End PBXSourcesBuildPhase section */

/* Begin PBXVariantGroup section */
		B725F8F11CC9CA650024ED7E /* LaunchScreen.storyboard */ = {
			isa = PBXVariantGroup;
			children = (
				B725F8F21CC9CA650024ED7E /* Base */,
			);
			name = LaunchScreen.storyboard;
			sourceTree = "<group>";
		};
/* End PBXVariantGroup section */

/* Begin XCBuildConfiguration section */
		B725F8F51CC9CA650024ED7E /* Debug */ = {
			isa = XCBuildConfiguration;
			buildSettings = {
				ALWAYS_SEARCH_USER_PATHS = NO;
				CLANG_CXX_LANGUAGE_STANDARD = "gnu++0x";
				CLANG_CXX_LIBRARY = "libc++";
				CLANG_ENABLE_MODULES = YES;
				CLANG_ENABLE_OBJC_ARC = YES;
				CLANG_WARN_BOOL_CONVERSION = YES;
				CLANG_WARN_CONSTANT_CONVERSION = YES;
				CLANG_WARN_DIRECT_OBJC_ISA_USAGE = YES_ERROR;
				CLANG_WARN_EMPTY_BODY = YES;
				CLANG_WARN_ENUM_CONVERSION = YES;
				CLANG_WARN_INT_CONVERSION = YES;
				CLANG_WARN_OBJC_ROOT_CLASS = YES_ERROR;
				CLANG_WARN_UNREACHABLE_CODE = YES;
				CLANG_WARN__DUPLICATE_METHOD_MATCH = YES;
				"CODE_SIGN_IDENTITY[sdk=iphoneos*]" = "iPhone Developer";
				COPY_PHASE_STRIP = NO;
				DEBUG_INFORMATION_FORMAT = dwarf;
				ENABLE_STRICT_OBJC_MSGSEND = YES;
				ENABLE_TESTABILITY = YES;
				GCC_C_LANGUAGE_STANDARD = gnu99;
				GCC_DYNAMIC_NO_PIC = NO;
				GCC_NO_COMMON_BLOCKS = YES;
				GCC_OPTIMIZATION_LEVEL = 0;
				GCC_PREPROCESSOR_DEFINITIONS = (
					"DEBUG=1",
					"$(inherited)",
				);
				GCC_WARN_64_TO_32_BIT_CONVERSION = YES;
				GCC_WARN_ABOUT_RETURN_TYPE = YES_ERROR;
				GCC_WARN_UNDECLARED_SELECTOR = YES;
				GCC_WARN_UNINITIALIZED_AUTOS = YES_AGGRESSIVE;
				GCC_WARN_UNUSED_FUNCTION = YES;
				GCC_WARN_UNUSED_VARIABLE = YES;
				IPHONEOS_DEPLOYMENT_TARGET = 9.2;
				MTL_ENABLE_DEBUG_INFO = YES;
				ONLY_ACTIVE_ARCH = YES;
				SDKROOT = iphoneos;
				SWIFT_OPTIMIZATION_LEVEL = "-Onone";
			};
			name = Debug;
		};
		B725F8F61CC9CA650024ED7E /* Release */ = {
			isa = XCBuildConfiguration;
			buildSettings = {
				ALWAYS_SEARCH_USER_PATHS = NO;
				CLANG_CXX_LANGUAGE_STANDARD = "gnu++0x";
				CLANG_CXX_LIBRARY = "libc++";
				CLANG_ENABLE_MODULES = YES;
				CLANG_ENABLE_OBJC_ARC = YES;
				CLANG_WARN_BOOL_CONVERSION = YES;
				CLANG_WARN_CONSTANT_CONVERSION = YES;
				CLANG_WARN_DIRECT_OBJC_ISA_USAGE = YES_ERROR;
				CLANG_WARN_EMPTY_BODY = YES;
				CLANG_WARN_ENUM_CONVERSION = YES;
				CLANG_WARN_INT_CONVERSION = YES;
				CLANG_WARN_OBJC_ROOT_CLASS = YES_ERROR;
				CLANG_WARN_UNREACHABLE_CODE = YES;
				CLANG_WARN__DUPLICATE_METHOD_MATCH = YES;
				"CODE_SIGN_IDENTITY[sdk=iphoneos*]" = "iPhone Developer";
				COPY_PHASE_STRIP = NO;
				DEBUG_INFORMATION_FORMAT = "dwarf-with-dsym";
				ENABLE_NS_ASSERTIONS = NO;
				ENABLE_STRICT_OBJC_MSGSEND = YES;
				GCC_C_LANGUAGE_STANDARD = gnu99;
				GCC_NO_COMMON_BLOCKS = YES;
				GCC_WARN_64_TO_32_BIT_CONVERSION = YES;
				GCC_WARN_ABOUT_RETURN_TYPE = YES_ERROR;
				GCC_WARN_UNDECLARED_SELECTOR = YES;
				GCC_WARN_UNINITIALIZED_AUTOS = YES_AGGRESSIVE;
				GCC_WARN_UNUSED_FUNCTION = YES;
				GCC_WARN_UNUSED_VARIABLE = YES;
				IPHONEOS_DEPLOYMENT_TARGET = 9.2;
				MTL_ENABLE_DEBUG_INFO = NO;
				SDKROOT = iphoneos;
				VALIDATE_PRODUCT = YES;
			};
			name = Release;
		};
		B725F8F81CC9CA650024ED7E /* Debug */ = {
			isa = XCBuildConfiguration;
			buildSettings = {
				ASSETCATALOG_COMPILER_APPICON_NAME = AppIcon;
				CODE_SIGN_IDENTITY = "iPhone Developer";
				"CODE_SIGN_IDENTITY[sdk=iphoneos*]" = "iPhone Developer";
				INFOPLIST_FILE = UserLoginAndRegistration/Info.plist;
				LD_RUNPATH_SEARCH_PATHS = "$(inherited) @executable_path/Frameworks";
				PRODUCT_BUNDLE_IDENTIFIER = com.food.UserLoginAndRegistration;
				PRODUCT_NAME = "$(TARGET_NAME)";
				PROVISIONING_PROFILE = "";
			};
			name = Debug;
		};
		B725F8F91CC9CA650024ED7E /* Release */ = {
			isa = XCBuildConfiguration;
			buildSettings = {
				ASSETCATALOG_COMPILER_APPICON_NAME = AppIcon;
				CODE_SIGN_IDENTITY = "iPhone Developer";
				"CODE_SIGN_IDENTITY[sdk=iphoneos*]" = "iPhone Developer";
				INFOPLIST_FILE = UserLoginAndRegistration/Info.plist;
				LD_RUNPATH_SEARCH_PATHS = "$(inherited) @executable_path/Frameworks";
				PRODUCT_BUNDLE_IDENTIFIER = com.food.UserLoginAndRegistration;
				PRODUCT_NAME = "$(TARGET_NAME)";
				PROVISIONING_PROFILE = "";
			};
			name = Release;
		};
/* End XCBuildConfiguration section */

/* Begin XCConfigurationList section */
		B725F8E01CC9CA640024ED7E /* Build configuration list for PBXProject "UserLoginAndRegistration" */ = {
			isa = XCConfigurationList;
			buildConfigurations = (
				B725F8F51CC9CA650024ED7E /* Debug */,
				B725F8F61CC9CA650024ED7E /* Release */,
			);
			defaultConfigurationIsVisible = 0;
			defaultConfigurationName = Release;
		};
		B725F8F71CC9CA650024ED7E /* Build configuration list for PBXNativeTarget "UserLoginAndRegistration" */ = {
			isa = XCConfigurationList;
			buildConfigurations = (
				B725F8F81CC9CA650024ED7E /* Debug */,
				B725F8F91CC9CA650024ED7E /* Release */,
			);
			defaultConfigurationIsVisible = 0;
			defaultConfigurationName = Release;
		};
/* End XCConfigurationList section */
	};
	rootObject = B725F8DD1CC9CA640024ED7E /* Project object */;
}
