// !$*UTF8*$!
{
	archiveVersion = 1;
	classes = {
	};
	objectVersion = 46;
	objects = {

/* Begin PBXBuildFile section */
		AC060DCD1CCFF5FE0080985D /* MealTableViewCell.swift in Sources */ = {isa = PBXBuildFile; fileRef = AC060DCC1CCFF5FE0080985D /* MealTableViewCell.swift */; };
		AC060DFC1CD05FB90080985D /* airport-express.tif in Resources */ = {isa = PBXBuildFile; fileRef = AC060DD71CD05FB90080985D /* airport-express.tif */; };
		AC060DFD1CD05FB90080985D /* airport-extreme.tif in Resources */ = {isa = PBXBuildFile; fileRef = AC060DD81CD05FB90080985D /* airport-extreme.tif */; };
		AC060DFE1CD05FB90080985D /* airport-time-capsule.tif in Resources */ = {isa = PBXBuildFile; fileRef = AC060DD91CD05FB90080985D /* airport-time-capsule.tif */; };
		AC060DFF1CD05FB90080985D /* aperture.tif in Resources */ = {isa = PBXBuildFile; fileRef = AC060DDA1CD05FB90080985D /* aperture.tif */; };
		AC060E001CD05FB90080985D /* apple-pay.tif in Resources */ = {isa = PBXBuildFile; fileRef = AC060DDB1CD05FB90080985D /* apple-pay.tif */; };
		AC060E011CD05FB90080985D /* apple-tv.tif in Resources */ = {isa = PBXBuildFile; fileRef = AC060DDC1CD05FB90080985D /* apple-tv.tif */; };
		AC060E021CD05FB90080985D /* apple-watch.tif in Resources */ = {isa = PBXBuildFile; fileRef = AC060DDD1CD05FB90080985D /* apple-watch.tif */; };
		AC060E031CD05FB90080985D /* apple-wireless-keyboard.tif in Resources */ = {isa = PBXBuildFile; fileRef = AC060DDE1CD05FB90080985D /* apple-wireless-keyboard.tif */; };
		AC060E041CD05FB90080985D /* battery-charger.tif in Resources */ = {isa = PBXBuildFile; fileRef = AC060DDF1CD05FB90080985D /* battery-charger.tif */; };
		AC060E051CD05FB90080985D /* default@1x.pdf in Resources */ = {isa = PBXBuildFile; fileRef = AC060DE01CD05FB90080985D /* default@1x.pdf */; };
		AC060E061CD05FB90080985D /* default@2x.pdf in Resources */ = {isa = PBXBuildFile; fileRef = AC060DE11CD05FB90080985D /* default@2x.pdf */; };
		AC060E071CD05FB90080985D /* display.tif in Resources */ = {isa = PBXBuildFile; fileRef = AC060DE21CD05FB90080985D /* display.tif */; };
		AC060E081CD05FB90080985D /* eyeball.png in Resources */ = {isa = PBXBuildFile; fileRef = AC060DE31CD05FB90080985D /* eyeball.png */; };
		AC060E091CD05FB90080985D /* final-cut-pro-x.tif in Resources */ = {isa = PBXBuildFile; fileRef = AC060DE41CD05FB90080985D /* final-cut-pro-x.tif */; };
		AC060E0A1CD05FB90080985D /* icloud.tif in Resources */ = {isa = PBXBuildFile; fileRef = AC060DE51CD05FB90080985D /* icloud.tif */; };
		AC060E0B1CD05FB90080985D /* ilife.tif in Resources */ = {isa = PBXBuildFile; fileRef = AC060DE61CD05FB90080985D /* ilife.tif */; };
		AC060E0C1CD05FB90080985D /* imac-5k.tif in Resources */ = {isa = PBXBuildFile; fileRef = AC060DE71CD05FB90080985D /* imac-5k.tif */; };
		AC060E0D1CD05FB90080985D /* ios8.tif in Resources */ = {isa = PBXBuildFile; fileRef = AC060DE81CD05FB90080985D /* ios8.tif */; };
		AC060E0E1CD05FB90080985D /* ipad-air2.tif in Resources */ = {isa = PBXBuildFile; fileRef = AC060DE91CD05FB90080985D /* ipad-air2.tif */; };
		AC060E0F1CD05FB90080985D /* iphone6.tif in Resources */ = {isa = PBXBuildFile; fileRef = AC060DEA1CD05FB90080985D /* iphone6.tif */; };
		AC060E101CD05FB90080985D /* ipod-nano.tif in Resources */ = {isa = PBXBuildFile; fileRef = AC060DEB1CD05FB90080985D /* ipod-nano.tif */; };
		AC060E111CD05FB90080985D /* ipod-shuffle.tif in Resources */ = {isa = PBXBuildFile; fileRef = AC060DEC1CD05FB90080985D /* ipod-shuffle.tif */; };
		AC060E121CD05FB90080985D /* ipod-touch.tif in Resources */ = {isa = PBXBuildFile; fileRef = AC060DED1CD05FB90080985D /* ipod-touch.tif */; };
		AC060E131CD05FB90080985D /* itunes.tif in Resources */ = {isa = PBXBuildFile; fileRef = AC060DEE1CD05FB90080985D /* itunes.tif */; };
		AC060E141CD05FB90080985D /* iwork.tif in Resources */ = {isa = PBXBuildFile; fileRef = AC060DEF1CD05FB90080985D /* iwork.tif */; };
		AC060E151CD05FB90080985D /* logic-pro-x.tif in Resources */ = {isa = PBXBuildFile; fileRef = AC060DF01CD05FB90080985D /* logic-pro-x.tif */; };
		AC060E161CD05FB90080985D /* mac-mini.tif in Resources */ = {isa = PBXBuildFile; fileRef = AC060DF11CD05FB90080985D /* mac-mini.tif */; };
		AC060E171CD05FB90080985D /* mac-pro.tif in Resources */ = {isa = PBXBuildFile; fileRef = AC060DF21CD05FB90080985D /* mac-pro.tif */; };
		AC060E181CD05FB90080985D /* macbook-air.tif in Resources */ = {isa = PBXBuildFile; fileRef = AC060DF31CD05FB90080985D /* macbook-air.tif */; };
		AC060E191CD05FB90080985D /* macbook-pro-13.tif in Resources */ = {isa = PBXBuildFile; fileRef = AC060DF41CD05FB90080985D /* macbook-pro-13.tif */; };
		AC060E1A1CD05FB90080985D /* macbook-pro-retina.tif in Resources */ = {isa = PBXBuildFile; fileRef = AC060DF51CD05FB90080985D /* macbook-pro-retina.tif */; };
		AC060E1B1CD05FB90080985D /* macbook.tif in Resources */ = {isa = PBXBuildFile; fileRef = AC060DF61CD05FB90080985D /* macbook.tif */; };
		AC060E1C1CD05FB90080985D /* magic-mouse.tif in Resources */ = {isa = PBXBuildFile; fileRef = AC060DF71CD05FB90080985D /* magic-mouse.tif */; };
		AC060E1D1CD05FB90080985D /* magic-trackpad.tif in Resources */ = {isa = PBXBuildFile; fileRef = AC060DF81CD05FB90080985D /* magic-trackpad.tif */; };
		AC060E1E1CD05FB90080985D /* os-x.tif in Resources */ = {isa = PBXBuildFile; fileRef = AC060DF91CD05FB90080985D /* os-x.tif */; };
		AC060E1F1CD05FB90080985D /* star_sel.png in Resources */ = {isa = PBXBuildFile; fileRef = AC060DFA1CD05FB90080985D /* star_sel.png */; };
		AC060E201CD05FB90080985D /* star_uns.png in Resources */ = {isa = PBXBuildFile; fileRef = AC060DFB1CD05FB90080985D /* star_uns.png */; };
		AC060E241CD05FB90080985D /* Product.swift in Sources */ = {isa = PBXBuildFile; fileRef = AC060E221CD05FB90080985D /* Product.swift */; };
		AC060E251CD05FB90080985D /* ProductLine.swift in Sources */ = {isa = PBXBuildFile; fileRef = AC060E231CD05FB90080985D /* ProductLine.swift */; };
		AC060E291CD062100080985D /* AppleProductsTableViewController.swift in Sources */ = {isa = PBXBuildFile; fileRef = AC060E281CD062100080985D /* AppleProductsTableViewController.swift */; };
		B725F8E91CC9CA650024ED7E /* AppDelegate.swift in Sources */ = {isa = PBXBuildFile; fileRef = B725F8E81CC9CA650024ED7E /* AppDelegate.swift */; };
		B725F8EB1CC9CA650024ED7E /* ViewController.swift in Sources */ = {isa = PBXBuildFile; fileRef = B725F8EA1CC9CA650024ED7E /* ViewController.swift */; };
		B725F8EE1CC9CA650024ED7E /* Main.storyboard in Resources */ = {isa = PBXBuildFile; fileRef = B725F8EC1CC9CA650024ED7E /* Main.storyboard */; };
		B725F8F01CC9CA650024ED7E /* Assets.xcassets in Resources */ = {isa = PBXBuildFile; fileRef = B725F8EF1CC9CA650024ED7E /* Assets.xcassets */; };
		B725F8F31CC9CA650024ED7E /* LaunchScreen.storyboard in Resources */ = {isa = PBXBuildFile; fileRef = B725F8F11CC9CA650024ED7E /* LaunchScreen.storyboard */; };
		B725F8FB1CCC3E800024ED7E /* RegisterPageViewController.swift in Sources */ = {isa = PBXBuildFile; fileRef = B725F8FA1CCC3E800024ED7E /* RegisterPageViewController.swift */; };
		B725F8FD1CCD91930024ED7E /* LoginViewController.swift in Sources */ = {isa = PBXBuildFile; fileRef = B725F8FC1CCD91930024ED7E /* LoginViewController.swift */; };
		B79963C91CD1BCE5001144A3 /* ResetPasswordViewController.swift in Sources */ = {isa = PBXBuildFile; fileRef = B79963C81CD1BCE5001144A3 /* ResetPasswordViewController.swift */; };
		B79963D11CD1BFD5001144A3 /* Utils.swift in Sources */ = {isa = PBXBuildFile; fileRef = B79963D01CD1BFD5001144A3 /* Utils.swift */; };
/* End PBXBuildFile section */

/* Begin PBXFileReference section */
		AC060DCC1CCFF5FE0080985D /* MealTableViewCell.swift */ = {isa = PBXFileReference; fileEncoding = 4; lastKnownFileType = sourcecode.swift; path = MealTableViewCell.swift; sourceTree = "<group>"; };
		AC060DD71CD05FB90080985D /* airport-express.tif */ = {isa = PBXFileReference; lastKnownFileType = image.tiff; path = "airport-express.tif"; sourceTree = "<group>"; };
		AC060DD81CD05FB90080985D /* airport-extreme.tif */ = {isa = PBXFileReference; lastKnownFileType = image.tiff; path = "airport-extreme.tif"; sourceTree = "<group>"; };
		AC060DD91CD05FB90080985D /* airport-time-capsule.tif */ = {isa = PBXFileReference; lastKnownFileType = image.tiff; path = "airport-time-capsule.tif"; sourceTree = "<group>"; };
		AC060DDA1CD05FB90080985D /* aperture.tif */ = {isa = PBXFileReference; lastKnownFileType = image.tiff; path = aperture.tif; sourceTree = "<group>"; };
		AC060DDB1CD05FB90080985D /* apple-pay.tif */ = {isa = PBXFileReference; lastKnownFileType = image.tiff; path = "apple-pay.tif"; sourceTree = "<group>"; };
		AC060DDC1CD05FB90080985D /* apple-tv.tif */ = {isa = PBXFileReference; lastKnownFileType = image.tiff; path = "apple-tv.tif"; sourceTree = "<group>"; };
		AC060DDD1CD05FB90080985D /* apple-watch.tif */ = {isa = PBXFileReference; lastKnownFileType = image.tiff; path = "apple-watch.tif"; sourceTree = "<group>"; };
		AC060DDE1CD05FB90080985D /* apple-wireless-keyboard.tif */ = {isa = PBXFileReference; lastKnownFileType = image.tiff; path = "apple-wireless-keyboard.tif"; sourceTree = "<group>"; };
		AC060DDF1CD05FB90080985D /* battery-charger.tif */ = {isa = PBXFileReference; lastKnownFileType = image.tiff; path = "battery-charger.tif"; sourceTree = "<group>"; };
		AC060DE01CD05FB90080985D /* default@1x.pdf */ = {isa = PBXFileReference; lastKnownFileType = image.pdf; path = "default@1x.pdf"; sourceTree = "<group>"; };
		AC060DE11CD05FB90080985D /* default@2x.pdf */ = {isa = PBXFileReference; lastKnownFileType = image.pdf; path = "default@2x.pdf"; sourceTree = "<group>"; };
		AC060DE21CD05FB90080985D /* display.tif */ = {isa = PBXFileReference; lastKnownFileType = image.tiff; path = display.tif; sourceTree = "<group>"; };
		AC060DE31CD05FB90080985D /* eyeball.png */ = {isa = PBXFileReference; lastKnownFileType = image.png; path = eyeball.png; sourceTree = "<group>"; };
		AC060DE41CD05FB90080985D /* final-cut-pro-x.tif */ = {isa = PBXFileReference; lastKnownFileType = image.tiff; path = "final-cut-pro-x.tif"; sourceTree = "<group>"; };
		AC060DE51CD05FB90080985D /* icloud.tif */ = {isa = PBXFileReference; lastKnownFileType = image.tiff; path = icloud.tif; sourceTree = "<group>"; };
		AC060DE61CD05FB90080985D /* ilife.tif */ = {isa = PBXFileReference; lastKnownFileType = image.tiff; path = ilife.tif; sourceTree = "<group>"; };
		AC060DE71CD05FB90080985D /* imac-5k.tif */ = {isa = PBXFileReference; lastKnownFileType = image.tiff; path = "imac-5k.tif"; sourceTree = "<group>"; };
		AC060DE81CD05FB90080985D /* ios8.tif */ = {isa = PBXFileReference; lastKnownFileType = image.tiff; path = ios8.tif; sourceTree = "<group>"; };
		AC060DE91CD05FB90080985D /* ipad-air2.tif */ = {isa = PBXFileReference; lastKnownFileType = image.tiff; path = "ipad-air2.tif"; sourceTree = "<group>"; };
		AC060DEA1CD05FB90080985D /* iphone6.tif */ = {isa = PBXFileReference; lastKnownFileType = image.tiff; path = iphone6.tif; sourceTree = "<group>"; };
		AC060DEB1CD05FB90080985D /* ipod-nano.tif */ = {isa = PBXFileReference; lastKnownFileType = image.tiff; path = "ipod-nano.tif"; sourceTree = "<group>"; };
		AC060DEC1CD05FB90080985D /* ipod-shuffle.tif */ = {isa = PBXFileReference; lastKnownFileType = image.tiff; path = "ipod-shuffle.tif"; sourceTree = "<group>"; };
		AC060DED1CD05FB90080985D /* ipod-touch.tif */ = {isa = PBXFileReference; lastKnownFileType = image.tiff; path = "ipod-touch.tif"; sourceTree = "<group>"; };
		AC060DEE1CD05FB90080985D /* itunes.tif */ = {isa = PBXFileReference; lastKnownFileType = image.tiff; path = itunes.tif; sourceTree = "<group>"; };
		AC060DEF1CD05FB90080985D /* iwork.tif */ = {isa = PBXFileReference; lastKnownFileType = image.tiff; path = iwork.tif; sourceTree = "<group>"; };
		AC060DF01CD05FB90080985D /* logic-pro-x.tif */ = {isa = PBXFileReference; lastKnownFileType = image.tiff; path = "logic-pro-x.tif"; sourceTree = "<group>"; };
		AC060DF11CD05FB90080985D /* mac-mini.tif */ = {isa = PBXFileReference; lastKnownFileType = image.tiff; path = "mac-mini.tif"; sourceTree = "<group>"; };
		AC060DF21CD05FB90080985D /* mac-pro.tif */ = {isa = PBXFileReference; lastKnownFileType = image.tiff; path = "mac-pro.tif"; sourceTree = "<group>"; };
		AC060DF31CD05FB90080985D /* macbook-air.tif */ = {isa = PBXFileReference; lastKnownFileType = image.tiff; path = "macbook-air.tif"; sourceTree = "<group>"; };
		AC060DF41CD05FB90080985D /* macbook-pro-13.tif */ = {isa = PBXFileReference; lastKnownFileType = image.tiff; path = "macbook-pro-13.tif"; sourceTree = "<group>"; };
		AC060DF51CD05FB90080985D /* macbook-pro-retina.tif */ = {isa = PBXFileReference; lastKnownFileType = image.tiff; path = "macbook-pro-retina.tif"; sourceTree = "<group>"; };
		AC060DF61CD05FB90080985D /* macbook.tif */ = {isa = PBXFileReference; lastKnownFileType = image.tiff; path = macbook.tif; sourceTree = "<group>"; };
		AC060DF71CD05FB90080985D /* magic-mouse.tif */ = {isa = PBXFileReference; lastKnownFileType = image.tiff; path = "magic-mouse.tif"; sourceTree = "<group>"; };
		AC060DF81CD05FB90080985D /* magic-trackpad.tif */ = {isa = PBXFileReference; lastKnownFileType = image.tiff; path = "magic-trackpad.tif"; sourceTree = "<group>"; };
		AC060DF91CD05FB90080985D /* os-x.tif */ = {isa = PBXFileReference; lastKnownFileType = image.tiff; path = "os-x.tif"; sourceTree = "<group>"; };
		AC060DFA1CD05FB90080985D /* star_sel.png */ = {isa = PBXFileReference; lastKnownFileType = image.png; path = star_sel.png; sourceTree = "<group>"; };
		AC060DFB1CD05FB90080985D /* star_uns.png */ = {isa = PBXFileReference; lastKnownFileType = image.png; path = star_uns.png; sourceTree = "<group>"; };
		AC060E221CD05FB90080985D /* Product.swift */ = {isa = PBXFileReference; fileEncoding = 4; lastKnownFileType = sourcecode.swift; path = Product.swift; sourceTree = "<group>"; };
		AC060E231CD05FB90080985D /* ProductLine.swift */ = {isa = PBXFileReference; fileEncoding = 4; lastKnownFileType = sourcecode.swift; path = ProductLine.swift; sourceTree = "<group>"; };
		AC060E281CD062100080985D /* AppleProductsTableViewController.swift */ = {isa = PBXFileReference; fileEncoding = 4; lastKnownFileType = sourcecode.swift; path = AppleProductsTableViewController.swift; sourceTree = "<group>"; };
		B725F8E51CC9CA650024ED7E /* UserLoginAndRegistration.app */ = {isa = PBXFileReference; explicitFileType = wrapper.application; includeInIndex = 0; path = UserLoginAndRegistration.app; sourceTree = BUILT_PRODUCTS_DIR; };
		B725F8E81CC9CA650024ED7E /* AppDelegate.swift */ = {isa = PBXFileReference; lastKnownFileType = sourcecode.swift; path = AppDelegate.swift; sourceTree = "<group>"; };
		B725F8EA1CC9CA650024ED7E /* ViewController.swift */ = {isa = PBXFileReference; lastKnownFileType = sourcecode.swift; path = ViewController.swift; sourceTree = "<group>"; };
		B725F8ED1CC9CA650024ED7E /* Base */ = {isa = PBXFileReference; lastKnownFileType = file.storyboard; name = Base; path = Base.lproj/Main.storyboard; sourceTree = "<group>"; };
		B725F8EF1CC9CA650024ED7E /* Assets.xcassets */ = {isa = PBXFileReference; lastKnownFileType = folder.assetcatalog; path = Assets.xcassets; sourceTree = "<group>"; };
		B725F8F21CC9CA650024ED7E /* Base */ = {isa = PBXFileReference; lastKnownFileType = file.storyboard; name = Base; path = Base.lproj/LaunchScreen.storyboard; sourceTree = "<group>"; };
		B725F8F41CC9CA650024ED7E /* Info.plist */ = {isa = PBXFileReference; lastKnownFileType = text.plist.xml; path = Info.plist; sourceTree = "<group>"; };
		B725F8FA1CCC3E800024ED7E /* RegisterPageViewController.swift */ = {isa = PBXFileReference; fileEncoding = 4; lastKnownFileType = sourcecode.swift; path = RegisterPageViewController.swift; sourceTree = "<group>"; };
		B725F8FC1CCD91930024ED7E /* LoginViewController.swift */ = {isa = PBXFileReference; fileEncoding = 4; lastKnownFileType = sourcecode.swift; path = LoginViewController.swift; sourceTree = "<group>"; };
		B79963C81CD1BCE5001144A3 /* ResetPasswordViewController.swift */ = {isa = PBXFileReference; fileEncoding = 4; lastKnownFileType = sourcecode.swift; path = ResetPasswordViewController.swift; sourceTree = "<group>"; };
		B79963D01CD1BFD5001144A3 /* Utils.swift */ = {isa = PBXFileReference; fileEncoding = 4; lastKnownFileType = sourcecode.swift; name = Utils.swift; path = ../Utils.swift; sourceTree = "<group>"; };
/* End PBXFileReference section */

/* Begin PBXFrameworksBuildPhase section */
		B725F8E21CC9CA640024ED7E /* Frameworks */ = {
			isa = PBXFrameworksBuildPhase;
			buildActionMask = 2147483647;
			files = (
			);
			runOnlyForDeploymentPostprocessing = 0;
		};
/* End PBXFrameworksBuildPhase section */

/* Begin PBXGroup section */
		AC060DD61CD05FB90080985D /* DemoAssets */ = {
			isa = PBXGroup;
			children = (
				AC060DD71CD05FB90080985D /* airport-express.tif */,
				AC060DD81CD05FB90080985D /* airport-extreme.tif */,
				AC060DD91CD05FB90080985D /* airport-time-capsule.tif */,
				AC060DDA1CD05FB90080985D /* aperture.tif */,
				AC060DDB1CD05FB90080985D /* apple-pay.tif */,
				AC060DDC1CD05FB90080985D /* apple-tv.tif */,
				AC060DDD1CD05FB90080985D /* apple-watch.tif */,
				AC060DDE1CD05FB90080985D /* apple-wireless-keyboard.tif */,
				AC060DDF1CD05FB90080985D /* battery-charger.tif */,
				AC060DE01CD05FB90080985D /* default@1x.pdf */,
				AC060DE11CD05FB90080985D /* default@2x.pdf */,
				AC060DE21CD05FB90080985D /* display.tif */,
				AC060DE31CD05FB90080985D /* eyeball.png */,
				AC060DE41CD05FB90080985D /* final-cut-pro-x.tif */,
				AC060DE51CD05FB90080985D /* icloud.tif */,
				AC060DE61CD05FB90080985D /* ilife.tif */,
				AC060DE71CD05FB90080985D /* imac-5k.tif */,
				AC060DE81CD05FB90080985D /* ios8.tif */,
				AC060DE91CD05FB90080985D /* ipad-air2.tif */,
				AC060DEA1CD05FB90080985D /* iphone6.tif */,
				AC060DEB1CD05FB90080985D /* ipod-nano.tif */,
				AC060DEC1CD05FB90080985D /* ipod-shuffle.tif */,
				AC060DED1CD05FB90080985D /* ipod-touch.tif */,
				AC060DEE1CD05FB90080985D /* itunes.tif */,
				AC060DEF1CD05FB90080985D /* iwork.tif */,
				AC060DF01CD05FB90080985D /* logic-pro-x.tif */,
				AC060DF11CD05FB90080985D /* mac-mini.tif */,
				AC060DF21CD05FB90080985D /* mac-pro.tif */,
				AC060DF31CD05FB90080985D /* macbook-air.tif */,
				AC060DF41CD05FB90080985D /* macbook-pro-13.tif */,
				AC060DF51CD05FB90080985D /* macbook-pro-retina.tif */,
				AC060DF61CD05FB90080985D /* macbook.tif */,
				AC060DF71CD05FB90080985D /* magic-mouse.tif */,
				AC060DF81CD05FB90080985D /* magic-trackpad.tif */,
				AC060DF91CD05FB90080985D /* os-x.tif */,
				AC060DFA1CD05FB90080985D /* star_sel.png */,
				AC060DFB1CD05FB90080985D /* star_uns.png */,
			);
			path = DemoAssets;
			sourceTree = "<group>";
		};
		AC060E211CD05FB90080985D /* Model */ = {
			isa = PBXGroup;
			children = (
				AC060E221CD05FB90080985D /* Product.swift */,
				AC060E231CD05FB90080985D /* ProductLine.swift */,
			);
			path = Model;
			sourceTree = "<group>";
		};
		B725F8DC1CC9CA640024ED7E = {
			isa = PBXGroup;
			children = (
				B725F8E71CC9CA650024ED7E /* UserLoginAndRegistration */,
				B725F8E61CC9CA650024ED7E /* Products */,
			);
			sourceTree = "<group>";
		};
		B725F8E61CC9CA650024ED7E /* Products */ = {
			isa = PBXGroup;
			children = (
				B725F8E51CC9CA650024ED7E /* UserLoginAndRegistration.app */,
			);
			name = Products;
			sourceTree = "<group>";
		};
		B725F8E71CC9CA650024ED7E /* UserLoginAndRegistration */ = {
			isa = PBXGroup;
			children = (
				B79963D01CD1BFD5001144A3 /* Utils.swift */,
				B725F8E81CC9CA650024ED7E /* AppDelegate.swift */,
				B725F8EA1CC9CA650024ED7E /* ViewController.swift */,
				B725F8EC1CC9CA650024ED7E /* Main.storyboard */,
				AC060E281CD062100080985D /* AppleProductsTableViewController.swift */,
				AC060DCC1CCFF5FE0080985D /* MealTableViewCell.swift */,
				AC060E211CD05FB90080985D /* Model */,
				AC060DD61CD05FB90080985D /* DemoAssets */,
				B725F8EF1CC9CA650024ED7E /* Assets.xcassets */,
				B725F8F11CC9CA650024ED7E /* LaunchScreen.storyboard */,
				B725F8F41CC9CA650024ED7E /* Info.plist */,
				B725F8FA1CCC3E800024ED7E /* RegisterPageViewController.swift */,
				B79963C81CD1BCE5001144A3 /* ResetPasswordViewController.swift */,
				B725F8FC1CCD91930024ED7E /* LoginViewController.swift */,
			);
			path = UserLoginAndRegistration;
			sourceTree = "<group>";
		};
/* End PBXGroup section */

/* Begin PBXNativeTarget section */
		B725F8E41CC9CA640024ED7E /* UserLoginAndRegistration */ = {
			isa = PBXNativeTarget;
			buildConfigurationList = B725F8F71CC9CA650024ED7E /* Build configuration list for PBXNativeTarget "UserLoginAndRegistration" */;
			buildPhases = (
				B725F8E11CC9CA640024ED7E /* Sources */,
				B725F8E21CC9CA640024ED7E /* Frameworks */,
				B725F8E31CC9CA640024ED7E /* Resources */,
			);
			buildRules = (
			);
			dependencies = (
			);
			name = UserLoginAndRegistration;
			productName = UserLoginAndRegistration;
			productReference = B725F8E51CC9CA650024ED7E /* UserLoginAndRegistration.app */;
			productType = "com.apple.product-type.application";
		};
/* End PBXNativeTarget section */

/* Begin PBXProject section */
		B725F8DD1CC9CA640024ED7E /* Project object */ = {
			isa = PBXProject;
			attributes = {
				LastSwiftUpdateCheck = 0720;
				LastUpgradeCheck = 0720;
				ORGANIZATIONNAME = food;
				TargetAttributes = {
					B725F8E41CC9CA640024ED7E = {
						CreatedOnToolsVersion = 7.2.1;
					};
				};
			};
			buildConfigurationList = B725F8E01CC9CA640024ED7E /* Build configuration list for PBXProject "UserLoginAndRegistration" */;
			compatibilityVersion = "Xcode 3.2";
			developmentRegion = English;
			hasScannedForEncodings = 0;
			knownRegions = (
				en,
				Base,
			);
			mainGroup = B725F8DC1CC9CA640024ED7E;
			productRefGroup = B725F8E61CC9CA650024ED7E /* Products */;
			projectDirPath = "";
			projectRoot = "";
			targets = (
				B725F8E41CC9CA640024ED7E /* UserLoginAndRegistration */,
			);
		};
/* End PBXProject section */

/* Begin PBXResourcesBuildPhase section */
		B725F8E31CC9CA640024ED7E /* Resources */ = {
			isa = PBXResourcesBuildPhase;
			buildActionMask = 2147483647;
			files = (
				AC060E091CD05FB90080985D /* final-cut-pro-x.tif in Resources */,
				AC060E021CD05FB90080985D /* apple-watch.tif in Resources */,
				AC060E121CD05FB90080985D /* ipod-touch.tif in Resources */,
				AC060E1A1CD05FB90080985D /* macbook-pro-retina.tif in Resources */,
				AC060E0D1CD05FB90080985D /* ios8.tif in Resources */,
				AC060E081CD05FB90080985D /* eyeball.png in Resources */,
				AC060E001CD05FB90080985D /* apple-pay.tif in Resources */,
				AC060E1D1CD05FB90080985D /* magic-trackpad.tif in Resources */,
				AC060E111CD05FB90080985D /* ipod-shuffle.tif in Resources */,
				AC060E0E1CD05FB90080985D /* ipad-air2.tif in Resources */,
				AC060E071CD05FB90080985D /* display.tif in Resources */,
				AC060E061CD05FB90080985D /* default@2x.pdf in Resources */,
				AC060E051CD05FB90080985D /* default@1x.pdf in Resources */,
				AC060E171CD05FB90080985D /* mac-pro.tif in Resources */,
				AC060E131CD05FB90080985D /* itunes.tif in Resources */,
				AC060E201CD05FB90080985D /* star_uns.png in Resources */,
				AC060E161CD05FB90080985D /* mac-mini.tif in Resources */,
				AC060DFD1CD05FB90080985D /* airport-extreme.tif in Resources */,
				AC060E151CD05FB90080985D /* logic-pro-x.tif in Resources */,
				B725F8F31CC9CA650024ED7E /* LaunchScreen.storyboard in Resources */,
				AC060E191CD05FB90080985D /* macbook-pro-13.tif in Resources */,
				AC060E0C1CD05FB90080985D /* imac-5k.tif in Resources */,
				AC060E0F1CD05FB90080985D /* iphone6.tif in Resources */,
				AC060E0A1CD05FB90080985D /* icloud.tif in Resources */,
				AC060E141CD05FB90080985D /* iwork.tif in Resources */,
				AC060DFC1CD05FB90080985D /* airport-express.tif in Resources */,
				AC060E041CD05FB90080985D /* battery-charger.tif in Resources */,
				B725F8F01CC9CA650024ED7E /* Assets.xcassets in Resources */,
				AC060E1F1CD05FB90080985D /* star_sel.png in Resources */,
				AC060E101CD05FB90080985D /* ipod-nano.tif in Resources */,
				AC060E1B1CD05FB90080985D /* macbook.tif in Resources */,
				AC060E011CD05FB90080985D /* apple-tv.tif in Resources */,
				AC060DFF1CD05FB90080985D /* aperture.tif in Resources */,
				B725F8EE1CC9CA650024ED7E /* Main.storyboard in Resources */,
				AC060E1E1CD05FB90080985D /* os-x.tif in Resources */,
				AC060E1C1CD05FB90080985D /* magic-mouse.tif in Resources */,
				AC060E181CD05FB90080985D /* macbook-air.tif in Resources */,
				AC060DFE1CD05FB90080985D /* airport-time-capsule.tif in Resources */,
				AC060E031CD05FB90080985D /* apple-wireless-keyboard.tif in Resources */,
				AC060E0B1CD05FB90080985D /* ilife.tif in Resources */,
			);
			runOnlyForDeploymentPostprocessing = 0;
		};
/* End PBXResourcesBuildPhase section */

/* Begin PBXSourcesBuildPhase section */
		B725F8E11CC9CA640024ED7E /* Sources */ = {
			isa = PBXSourcesBuildPhase;
			buildActionMask = 2147483647;
			files = (
				B79963C91CD1BCE5001144A3 /* ResetPasswordViewController.swift in Sources */,
				B725F8FD1CCD91930024ED7E /* LoginViewController.swift in Sources */,
				B725F8EB1CC9CA650024ED7E /* ViewController.swift in Sources */,
				B725F8E91CC9CA650024ED7E /* AppDelegate.swift in Sources */,
				B725F8FB1CCC3E800024ED7E /* RegisterPageViewController.swift in Sources */,
				B79963D11CD1BFD5001144A3 /* Utils.swift in Sources */,
				AC060DCD1CCFF5FE0080985D /* MealTableViewCell.swift in Sources */,
				AC060E241CD05FB90080985D /* Product.swift in Sources */,
				AC060E291CD062100080985D /* AppleProductsTableViewController.swift in Sources */,
				AC060E251CD05FB90080985D /* ProductLine.swift in Sources */,
			);
			runOnlyForDeploymentPostprocessing = 0;
		};
/* End PBXSourcesBuildPhase section */

/* Begin PBXVariantGroup section */
		B725F8EC1CC9CA650024ED7E /* Main.storyboard */ = {
			isa = PBXVariantGroup;
			children = (
				B725F8ED1CC9CA650024ED7E /* Base */,
			);
			name = Main.storyboard;
			sourceTree = "<group>";
		};
		B725F8F11CC9CA650024ED7E /* LaunchScreen.storyboard */ = {
			isa = PBXVariantGroup;
			children = (
				B725F8F21CC9CA650024ED7E /* Base */,
			);
			name = LaunchScreen.storyboard;
			sourceTree = "<group>";
		};
/* End PBXVariantGroup section */

/* Begin XCBuildConfiguration section */
		B725F8F51CC9CA650024ED7E /* Debug */ = {
			isa = XCBuildConfiguration;
			buildSettings = {
				ALWAYS_SEARCH_USER_PATHS = NO;
				CLANG_CXX_LANGUAGE_STANDARD = "gnu++0x";
				CLANG_CXX_LIBRARY = "libc++";
				CLANG_ENABLE_MODULES = YES;
				CLANG_ENABLE_OBJC_ARC = YES;
				CLANG_WARN_BOOL_CONVERSION = YES;
				CLANG_WARN_CONSTANT_CONVERSION = YES;
				CLANG_WARN_DIRECT_OBJC_ISA_USAGE = YES_ERROR;
				CLANG_WARN_EMPTY_BODY = YES;
				CLANG_WARN_ENUM_CONVERSION = YES;
				CLANG_WARN_INT_CONVERSION = YES;
				CLANG_WARN_OBJC_ROOT_CLASS = YES_ERROR;
				CLANG_WARN_UNREACHABLE_CODE = YES;
				CLANG_WARN__DUPLICATE_METHOD_MATCH = YES;
				"CODE_SIGN_IDENTITY[sdk=iphoneos*]" = "iPhone Developer";
				COPY_PHASE_STRIP = NO;
				DEBUG_INFORMATION_FORMAT = dwarf;
				ENABLE_STRICT_OBJC_MSGSEND = YES;
				ENABLE_TESTABILITY = YES;
				GCC_C_LANGUAGE_STANDARD = gnu99;
				GCC_DYNAMIC_NO_PIC = NO;
				GCC_NO_COMMON_BLOCKS = YES;
				GCC_OPTIMIZATION_LEVEL = 0;
				GCC_PREPROCESSOR_DEFINITIONS = (
					"DEBUG=1",
					"$(inherited)",
				);
				GCC_WARN_64_TO_32_BIT_CONVERSION = YES;
				GCC_WARN_ABOUT_RETURN_TYPE = YES_ERROR;
				GCC_WARN_UNDECLARED_SELECTOR = YES;
				GCC_WARN_UNINITIALIZED_AUTOS = YES_AGGRESSIVE;
				GCC_WARN_UNUSED_FUNCTION = YES;
				GCC_WARN_UNUSED_VARIABLE = YES;
				IPHONEOS_DEPLOYMENT_TARGET = 9.2;
				MTL_ENABLE_DEBUG_INFO = YES;
				ONLY_ACTIVE_ARCH = YES;
				SDKROOT = iphoneos;
				SWIFT_OPTIMIZATION_LEVEL = "-Onone";
			};
			name = Debug;
		};
		B725F8F61CC9CA650024ED7E /* Release */ = {
			isa = XCBuildConfiguration;
			buildSettings = {
				ALWAYS_SEARCH_USER_PATHS = NO;
				CLANG_CXX_LANGUAGE_STANDARD = "gnu++0x";
				CLANG_CXX_LIBRARY = "libc++";
				CLANG_ENABLE_MODULES = YES;
				CLANG_ENABLE_OBJC_ARC = YES;
				CLANG_WARN_BOOL_CONVERSION = YES;
				CLANG_WARN_CONSTANT_CONVERSION = YES;
				CLANG_WARN_DIRECT_OBJC_ISA_USAGE = YES_ERROR;
				CLANG_WARN_EMPTY_BODY = YES;
				CLANG_WARN_ENUM_CONVERSION = YES;
				CLANG_WARN_INT_CONVERSION = YES;
				CLANG_WARN_OBJC_ROOT_CLASS = YES_ERROR;
				CLANG_WARN_UNREACHABLE_CODE = YES;
				CLANG_WARN__DUPLICATE_METHOD_MATCH = YES;
				"CODE_SIGN_IDENTITY[sdk=iphoneos*]" = "iPhone Developer";
				COPY_PHASE_STRIP = NO;
				DEBUG_INFORMATION_FORMAT = "dwarf-with-dsym";
				ENABLE_NS_ASSERTIONS = NO;
				ENABLE_STRICT_OBJC_MSGSEND = YES;
				GCC_C_LANGUAGE_STANDARD = gnu99;
				GCC_NO_COMMON_BLOCKS = YES;
				GCC_WARN_64_TO_32_BIT_CONVERSION = YES;
				GCC_WARN_ABOUT_RETURN_TYPE = YES_ERROR;
				GCC_WARN_UNDECLARED_SELECTOR = YES;
				GCC_WARN_UNINITIALIZED_AUTOS = YES_AGGRESSIVE;
				GCC_WARN_UNUSED_FUNCTION = YES;
				GCC_WARN_UNUSED_VARIABLE = YES;
				IPHONEOS_DEPLOYMENT_TARGET = 9.2;
				MTL_ENABLE_DEBUG_INFO = NO;
				SDKROOT = iphoneos;
				VALIDATE_PRODUCT = YES;
			};
			name = Release;
		};
		B725F8F81CC9CA650024ED7E /* Debug */ = {
			isa = XCBuildConfiguration;
			buildSettings = {
				ASSETCATALOG_COMPILER_APPICON_NAME = AppIcon;
				INFOPLIST_FILE = UserLoginAndRegistration/Info.plist;
				LD_RUNPATH_SEARCH_PATHS = "$(inherited) @executable_path/Frameworks";
				PRODUCT_BUNDLE_IDENTIFIER = com.food.UserLoginAndRegistration;
				PRODUCT_NAME = "$(TARGET_NAME)";
			};
			name = Debug;
		};
		B725F8F91CC9CA650024ED7E /* Release */ = {
			isa = XCBuildConfiguration;
			buildSettings = {
				ASSETCATALOG_COMPILER_APPICON_NAME = AppIcon;
				INFOPLIST_FILE = UserLoginAndRegistration/Info.plist;
				LD_RUNPATH_SEARCH_PATHS = "$(inherited) @executable_path/Frameworks";
				PRODUCT_BUNDLE_IDENTIFIER = com.food.UserLoginAndRegistration;
				PRODUCT_NAME = "$(TARGET_NAME)";
			};
			name = Release;
		};
/* End XCBuildConfiguration section */

/* Begin XCConfigurationList section */
		B725F8E01CC9CA640024ED7E /* Build configuration list for PBXProject "UserLoginAndRegistration" */ = {
			isa = XCConfigurationList;
			buildConfigurations = (
				B725F8F51CC9CA650024ED7E /* Debug */,
				B725F8F61CC9CA650024ED7E /* Release */,
			);
			defaultConfigurationIsVisible = 0;
			defaultConfigurationName = Release;
		};
		B725F8F71CC9CA650024ED7E /* Build configuration list for PBXNativeTarget "UserLoginAndRegistration" */ = {
			isa = XCConfigurationList;
			buildConfigurations = (
				B725F8F81CC9CA650024ED7E /* Debug */,
				B725F8F91CC9CA650024ED7E /* Release */,
			);
			defaultConfigurationIsVisible = 0;
			defaultConfigurationName = Release;
		};
/* End XCConfigurationList section */
	};
	rootObject = B725F8DD1CC9CA640024ED7E /* Project object */;
}
